# This file is generated by running "yarn install" inside your project.
# Manual changes might be lost - proceed with caution!

__metadata:
  version: 6
  cacheKey: 8

"@hotwired/stimulus@npm:^3.2.1":
  version: 3.2.1
  resolution: "@hotwired/stimulus@npm:3.2.1"
  checksum: 2617b10fb3ca0fb05205526693cbc9ea17fca84f40d8d95d0ce8d58f903aa74e020da858adc72f056f777f4854bdd7f5ee6d69810ecb17412af43d6ffb78997e
  languageName: node
  linkType: hard

"@hotwired/turbo-rails@npm:^7.3.0":
  version: 7.3.0
  resolution: "@hotwired/turbo-rails@npm:7.3.0"
  dependencies:
    "@hotwired/turbo": ^7.3.0
    "@rails/actioncable": ^7.0
  checksum: 14e29fc7abcf966b652aaa5494398bd4a18559843d57fd5f6db785b3e1d2541c09fcbb979ccbf1dd8ab50d362558ac6bf52a97ce5dc2bbf503059793058b9e97
  languageName: node
  linkType: hard

"@hotwired/turbo@npm:^7.3.0":
  version: 7.3.0
  resolution: "@hotwired/turbo@npm:7.3.0"
  checksum: ccc03c980e4b4636e48ea2132c7d28be1be4f4e6123f63905fbf871e7647369b5c6ce53301443b218d7abf68fa4897eaf614254688108ed6ae303c5040241a97
  languageName: node
  linkType: hard

"@rails/actioncable@npm:^7.0":
  version: 7.0.4
  resolution: "@rails/actioncable@npm:7.0.4"
  checksum: b31cae40511a3df4d3048779255219b92f7dd89514f3c9f2da2b219b9b0635261b17b05031c7070756d319bf9165d4d6c021a820b110d53a3e6c441a062accdd
  languageName: node
  linkType: hard

"@remix-run/router@npm:1.5.0":
  version: 1.5.0
  resolution: "@remix-run/router@npm:1.5.0"
  checksum: 9c510c174af1553edd1f039ba16e7e3d34e04d53b3bac18814660e31cd0c48297ea4291ff86d0736b560123ebc63ecb62fa525829181d16a8dad15270d6672d7
  languageName: node
  linkType: hard

"@types/jquery@npm:^1.10.39":
  version: 1.10.39
  resolution: "@types/jquery@npm:1.10.39"
  checksum: d85e63fb584c8b2a45197b8d40279d007ff13aea3f896ccb82ca72af84ab10a52bf0e8d5e43fb147460b155c9af626619a0ed9646c0c398265e9257fbf0bc3f2
  languageName: node
  linkType: hard

"@types/prop-types@npm:*":
  version: 15.7.5
  resolution: "@types/prop-types@npm:15.7.5"
  checksum: 5b43b8b15415e1f298243165f1d44390403bb2bd42e662bca3b5b5633fdd39c938e91b7fce3a9483699db0f7a715d08cef220c121f723a634972fdf596aec980
  languageName: node
  linkType: hard

"@types/react-dom@npm:^18.0.11":
  version: 18.0.11
  resolution: "@types/react-dom@npm:18.0.11"
  dependencies:
    "@types/react": "*"
  checksum: 579691e4d5ec09688087568037c35edf8cfb1ab3e07f6c60029280733ee7b5c06d66df6fcc90786702c93ac8cb13bc7ff16c79ddfc75d082938fbaa36e1cdbf4
  languageName: node
  linkType: hard

"@types/react@npm:*, @types/react@npm:^18.0.35":
  version: 18.0.35
  resolution: "@types/react@npm:18.0.35"
  dependencies:
    "@types/prop-types": "*"
    "@types/scheduler": "*"
    csstype: ^3.0.2
  checksum: e65670397216e037b150a509ec08189140b4c20b82b612ac00b2a7133202be2d1def1e7ee69617b2df06ab4c00c43c4ee23e84788ad661aea9664da2f27c518a
  languageName: node
  linkType: hard

"@types/scheduler@npm:*":
  version: 0.16.3
  resolution: "@types/scheduler@npm:0.16.3"
  checksum: 2b0aec39c24268e3ce938c5db2f2e77f5c3dd280e05c262d9c2fe7d890929e4632a6b8e94334017b66b45e4f92a5aa42ba3356640c2a1175fa37bef2f5200767
  languageName: node
  linkType: hard

"app@workspace:.":
  version: 0.0.0-use.local
  resolution: "app@workspace:."
  dependencies:
    "@hotwired/stimulus": ^3.2.1
    "@hotwired/turbo-rails": ^7.3.0
    "@types/jquery": ^1.10.39
    "@types/react": ^18.0.35
    "@types/react-dom": ^18.0.11
    axios: ^1.3.5
    jquery: ^1.12.4
    react: ^18.2.0
    react-dom: ^18.2.0
    react-router-dom: ^6.10.0
  languageName: unknown
  linkType: soft

"asynckit@npm:^0.4.0":
  version: 0.4.0
  resolution: "asynckit@npm:0.4.0"
  checksum: 7b78c451df768adba04e2d02e63e2d0bf3b07adcd6e42b4cf665cb7ce899bedd344c69a1dcbce355b5f972d597b25aaa1c1742b52cffd9caccb22f348114f6be
  languageName: node
  linkType: hard

"axios@npm:^1.3.5":
  version: 1.3.5
  resolution: "axios@npm:1.3.5"
  dependencies:
    follow-redirects: ^1.15.0
    form-data: ^4.0.0
    proxy-from-env: ^1.1.0
  checksum: 4d6bcf933b1cdff86d4993752aaeeeedc4a7f7a4b1c942847f6884bb13fc6106610ff826b076acf0b08d8ced55dee9344bb9a11f3624c3e70ab1da1a40bb5506
  languageName: node
  linkType: hard

"combined-stream@npm:^1.0.8":
  version: 1.0.8
  resolution: "combined-stream@npm:1.0.8"
  dependencies:
    delayed-stream: ~1.0.0
  checksum: 49fa4aeb4916567e33ea81d088f6584749fc90c7abec76fd516bf1c5aa5c79f3584b5ba3de6b86d26ddd64bae5329c4c7479343250cfe71c75bb366eae53bb7c
  languageName: node
  linkType: hard

"csstype@npm:^3.0.2":
  version: 3.1.2
  resolution: "csstype@npm:3.1.2"
  checksum: e1a52e6c25c1314d6beef5168da704ab29c5186b877c07d822bd0806717d9a265e8493a2e35ca7e68d0f5d472d43fac1cdce70fd79fd0853dff81f3028d857b5
  languageName: node
  linkType: hard

"delayed-stream@npm:~1.0.0":
  version: 1.0.0
  resolution: "delayed-stream@npm:1.0.0"
  checksum: 46fe6e83e2cb1d85ba50bd52803c68be9bd953282fa7096f51fc29edd5d67ff84ff753c51966061e5ba7cb5e47ef6d36a91924eddb7f3f3483b1c560f77a0020
  languageName: node
  linkType: hard

"follow-redirects@npm:^1.15.0":
  version: 1.15.2
  resolution: "follow-redirects@npm:1.15.2"
  peerDependenciesMeta:
    debug:
      optional: true
  checksum: faa66059b66358ba65c234c2f2a37fcec029dc22775f35d9ad6abac56003268baf41e55f9ee645957b32c7d9f62baf1f0b906e68267276f54ec4b4c597c2b190
  languageName: node
  linkType: hard

"form-data@npm:^4.0.0":
  version: 4.0.0
  resolution: "form-data@npm:4.0.0"
  dependencies:
    asynckit: ^0.4.0
    combined-stream: ^1.0.8
    mime-types: ^2.1.12
  checksum: 01135bf8675f9d5c61ff18e2e2932f719ca4de964e3be90ef4c36aacfc7b9cb2fceb5eca0b7e0190e3383fe51c5b37f4cb80b62ca06a99aaabfcfd6ac7c9328c
  languageName: node
  linkType: hard

"jquery@npm:^1.12.4":
  version: 1.12.4
  resolution: "jquery@npm:1.12.4"
  checksum: 17641485debde58d8da6fef707487a75dc2999f272576b8dc0addc352ac7db090bb1706e235299304f95313122f964c78b10dc5a51929f881b080420864979a1
  languageName: node
  linkType: hard

"js-tokens@npm:^3.0.0 || ^4.0.0":
  version: 4.0.0
  resolution: "js-tokens@npm:4.0.0"
  checksum: 8a95213a5a77deb6cbe94d86340e8d9ace2b93bc367790b260101d2f36a2eaf4e4e22d9fa9cf459b38af3a32fb4190e638024cf82ec95ef708680e405ea7cc78
  languageName: node
  linkType: hard

"loose-envify@npm:^1.1.0":
  version: 1.4.0
  resolution: "loose-envify@npm:1.4.0"
  dependencies:
    js-tokens: ^3.0.0 || ^4.0.0
  bin:
    loose-envify: cli.js
  checksum: 6517e24e0cad87ec9888f500c5b5947032cdfe6ef65e1c1936a0c48a524b81e65542c9c3edc91c97d5bddc806ee2a985dbc79be89215d613b1de5db6d1cfe6f4
  languageName: node
  linkType: hard

"mime-db@npm:1.52.0":
  version: 1.52.0
  resolution: "mime-db@npm:1.52.0"
  checksum: 0d99a03585f8b39d68182803b12ac601d9c01abfa28ec56204fa330bc9f3d1c5e14beb049bafadb3dbdf646dfb94b87e24d4ec7b31b7279ef906a8ea9b6a513f
  languageName: node
  linkType: hard

"mime-types@npm:^2.1.12":
  version: 2.1.35
  resolution: "mime-types@npm:2.1.35"
  dependencies:
    mime-db: 1.52.0
  checksum: 89a5b7f1def9f3af5dad6496c5ed50191ae4331cc5389d7c521c8ad28d5fdad2d06fd81baf38fed813dc4e46bb55c8145bb0ff406330818c9cf712fb2e9b3836
  languageName: node
  linkType: hard

"proxy-from-env@npm:^1.1.0":
  version: 1.1.0
  resolution: "proxy-from-env@npm:1.1.0"
  checksum: ed7fcc2ba0a33404958e34d95d18638249a68c430e30fcb6c478497d72739ba64ce9810a24f53a7d921d0c065e5b78e3822759800698167256b04659366ca4d4
  languageName: node
  linkType: hard

"react-dom@npm:^18.2.0":
  version: 18.2.0
  resolution: "react-dom@npm:18.2.0"
  dependencies:
    loose-envify: ^1.1.0
    scheduler: ^0.23.0
  peerDependencies:
    react: ^18.2.0
  checksum: 7d323310bea3a91be2965f9468d552f201b1c27891e45ddc2d6b8f717680c95a75ae0bc1e3f5cf41472446a2589a75aed4483aee8169287909fcd59ad149e8cc
  languageName: node
  linkType: hard

"react-router-dom@npm:^6.10.0":
  version: 6.10.0
  resolution: "react-router-dom@npm:6.10.0"
  dependencies:
    "@remix-run/router": 1.5.0
    react-router: 6.10.0
  peerDependencies:
    react: ">=16.8"
    react-dom: ">=16.8"
  checksum: d048d8cc66e5aec782bd675097d6bf0e5f867f3f0539bff9acdc4a314b5e0e34093944762960ca0977a54c6255272edd262231242b18c4e260d68df6b5288464
  languageName: node
  linkType: hard

"react-router@npm:6.10.0":
  version: 6.10.0
  resolution: "react-router@npm:6.10.0"
  dependencies:
    "@remix-run/router": 1.5.0
  peerDependencies:
    react: ">=16.8"
  checksum: c9fce46147c04257d7d6fa1f5bbfac96c5fdd0b15f26918bd12b2e5fe9143977c5a4452272f9b85795a22e29ec105a60d0bbe036118efc52b383d163cd8829ab
  languageName: node
  linkType: hard

"react@npm:^18.2.0":
  version: 18.2.0
  resolution: "react@npm:18.2.0"
  dependencies:
    loose-envify: ^1.1.0
  checksum: 88e38092da8839b830cda6feef2e8505dec8ace60579e46aa5490fc3dc9bba0bd50336507dc166f43e3afc1c42939c09fe33b25fae889d6f402721dcd78fca1b
  languageName: node
  linkType: hard

"scheduler@npm:^0.23.0":
  version: 0.23.0
  resolution: "scheduler@npm:0.23.0"
  dependencies:
    loose-envify: ^1.1.0
  checksum: d79192eeaa12abef860c195ea45d37cbf2bbf5f66e3c4dcd16f54a7da53b17788a70d109ee3d3dde1a0fd50e6a8fc171f4300356c5aee4fc0171de526bf35f8a
  languageName: node
  linkType: hard
